github.com/soypat/si v0.0.0-20240624115758-509f61e60fbc h1:J65QK/o3uZeQ/3cQOfstCexKlbGb4AX5be/M2U6IWIA=
github.com/soypat/si v0.0.0-20240624115758-509f61e60fbc/go.mod h1:L0a+/86rRJbYtE3f4z3iS7OPN3aZn0bzouln6RBufH0=
github.com/soypat/si v0.0.0-20240624131214-87fa029a4dbb h1:Y2oMSQ4/7slqrxdbRxKTALk67vRIeyRiLdtUEXBWMRc=
github.com/soypat/si v0.0.0-20240624131214-87fa029a4dbb/go.mod h1:L0a+/86rRJbYtE3f4z3iS7OPN3aZn0bzouln6RBufH0=
